
Microsoft Visual Studio Solution File, Format Version 12.00
# Visual Studio Version 16
VisualStudioVersion = 16.0.33130.400
MinimumVisualStudioVersion = 10.0.40219.1
Project("{9A19103F-16F7-4668-BE54-9A1E7A4F7556}") = "RouletteKata", "RouetteKata\RouletteKata.csproj", "{B3A61732-8E6A-4D53-8919-DCF08CA6B6F5}"
EndProject
Global
	GlobalSection(SolutionConfigurationPlatforms) = preSolution
		Debug|Any CPU = Debug|Any CPU
		Release|Any CPU = Release|Any CPU
	EndGlobalSection
	GlobalSection(ProjectConfigurationPlatforms) = postSolution
		{B3A61732-8E6A-4D53-8919-DCF08CA6B6F5}.Debug|Any CPU.ActiveCfg = Debug|Any CPU
		{B3A61732-8E6A-4D53-8919-DCF08CA6B6F5}.Debug|Any CPU.Build.0 = Debug|Any CPU
		{B3A61732-8E6A-4D53-8919-DCF08CA6B6F5}.Release|Any CPU.ActiveCfg = Release|Any CPU
		{B3A61732-8E6A-4D53-8919-DCF08CA6B6F5}.Release|Any CPU.Build.0 = Release|Any CPU
	EndGlobalSection
	GlobalSection(SolutionProperties) = preSolution
		HideSolutionNode = FALSE
	EndGlobalSection
	GlobalSection(ExtensibilityGlobals) = postSolution
		SolutionGuid = {365BE109-437A-47BE-A944-41EDAF7636CA}
	EndGlobalSection
EndGlobal
